
Microsoft Visual Studio Solution File, Format Version 12.00
# Visual Studio Version 17
VisualStudioVersion = 17.8.34004.107
MinimumVisualStudioVersion = 10.0.40219.1
Project("{9A19103F-16F7-4668-BE54-9A1E7A4F7556}") = "Pleisto.Flappy", "Pleisto.Flappy\Pleisto.Flappy.csproj", "{40CC3C9B-8145-4F5F-96A7-D2142ABD4368}"
EndProject
Project("{2150E333-8FDC-42A3-9474-1A3956D46DE8}") = "Solution Items", "Solution Items", "{A82A613A-0CFD-4333-9A3D-EE658837AB1B}"
	ProjectSection(SolutionItems) = preProject
		.editorconfig = .editorconfig
		LICENSE = LICENSE
		README.md = README.md
	EndProjectSection
EndProject
Project("{9A19103F-16F7-4668-BE54-9A1E7A4F7556}") = "Pleisto.Flappy.Test", "Pleisto.Flappy.Test\Pleisto.Flappy.Test.csproj", "{8DD0E5B8-03AC-4ABD-94CF-CA6EA525A05E}"
EndProject
Project("{9A19103F-16F7-4668-BE54-9A1E7A4F7556}") = "Pleisto.Flappy.Example.Law", "..\..\examples\csharp\Pleisto.Flappy.Example.Law\Pleisto.Flappy.Example.Law.csproj", "{52FA5991-3BD8-4CB6-B1B4-6DAAB9AA3BF2}"
EndProject
Project("{9A19103F-16F7-4668-BE54-9A1E7A4F7556}") = "Pleisto.Flappy.Example.Resume", "..\..\examples\csharp\Pleisto.Flappy.Example.Resume\Pleisto.Flappy.Example.Resume.csproj", "{51860847-F7C2-4A00-9491-941AE2003DCB}"
EndProject
Global
	GlobalSection(SolutionConfigurationPlatforms) = preSolution
		Debug|Any CPU = Debug|Any CPU
		Release|Any CPU = Release|Any CPU
	EndGlobalSection
	GlobalSection(ProjectConfigurationPlatforms) = postSolution
		{40CC3C9B-8145-4F5F-96A7-D2142ABD4368}.Debug|Any CPU.ActiveCfg = Debug|Any CPU
		{40CC3C9B-8145-4F5F-96A7-D2142ABD4368}.Debug|Any CPU.Build.0 = Debug|Any CPU
		{40CC3C9B-8145-4F5F-96A7-D2142ABD4368}.Release|Any CPU.ActiveCfg = Release|Any CPU
		{40CC3C9B-8145-4F5F-96A7-D2142ABD4368}.Release|Any CPU.Build.0 = Release|Any CPU
		{8DD0E5B8-03AC-4ABD-94CF-CA6EA525A05E}.Debug|Any CPU.ActiveCfg = Debug|Any CPU
		{8DD0E5B8-03AC-4ABD-94CF-CA6EA525A05E}.Debug|Any CPU.Build.0 = Debug|Any CPU
		{8DD0E5B8-03AC-4ABD-94CF-CA6EA525A05E}.Release|Any CPU.ActiveCfg = Release|Any CPU
		{8DD0E5B8-03AC-4ABD-94CF-CA6EA525A05E}.Release|Any CPU.Build.0 = Release|Any CPU
		{52FA5991-3BD8-4CB6-B1B4-6DAAB9AA3BF2}.Debug|Any CPU.ActiveCfg = Debug|Any CPU
		{52FA5991-3BD8-4CB6-B1B4-6DAAB9AA3BF2}.Debug|Any CPU.Build.0 = Debug|Any CPU
		{52FA5991-3BD8-4CB6-B1B4-6DAAB9AA3BF2}.Release|Any CPU.ActiveCfg = Release|Any CPU
		{52FA5991-3BD8-4CB6-B1B4-6DAAB9AA3BF2}.Release|Any CPU.Build.0 = Release|Any CPU
		{51860847-F7C2-4A00-9491-941AE2003DCB}.Debug|Any CPU.ActiveCfg = Debug|Any CPU
		{51860847-F7C2-4A00-9491-941AE2003DCB}.Debug|Any CPU.Build.0 = Debug|Any CPU
		{51860847-F7C2-4A00-9491-941AE2003DCB}.Release|Any CPU.ActiveCfg = Release|Any CPU
		{51860847-F7C2-4A00-9491-941AE2003DCB}.Release|Any CPU.Build.0 = Release|Any CPU
	EndGlobalSection
	GlobalSection(SolutionProperties) = preSolution
		HideSolutionNode = FALSE
	EndGlobalSection
	GlobalSection(ExtensibilityGlobals) = postSolution
		SolutionGuid = {8D4156ED-5B49-4AC4-B113-9ADFDE47632D}
	EndGlobalSection
EndGlobal
