
Microsoft Visual Studio Solution File, Format Version 12.00
# Visual Studio Version 17
VisualStudioVersion = 17.8.34004.107
MinimumVisualStudioVersion = 10.0.40219.1
Project("{2150E333-8FDC-42A3-9474-1A3956D46DE8}") = "Solution Items", "Solution Items", "{A82A613A-0CFD-4333-9A3D-EE658837AB1B}"
	ProjectSection(SolutionItems) = preProject
		.editorconfig = .editorconfig
		LICENSE = LICENSE
		README.md = README.md
	EndProjectSection
EndProject
Project("{9A19103F-16F7-4668-BE54-9A1E7A4F7556}") = "Pleisto.Flappy", "..\..\packages\csharp\Pleisto.Flappy\Pleisto.Flappy.csproj", "{2A0E78B5-AEAA-45B7-A96C-5EA279C92E5D}"
EndProject
Project("{9A19103F-16F7-4668-BE54-9A1E7A4F7556}") = "Pleisto.Flappy.Example.Law", "Pleisto.Flappy.Example.Law\Pleisto.Flappy.Example.Law.csproj", "{D8CBF59B-8DBB-4CDC-A05A-8F5BF5D58674}"
EndProject
Global
	GlobalSection(SolutionConfigurationPlatforms) = preSolution
		Debug|Any CPU = Debug|Any CPU
		Release|Any CPU = Release|Any CPU
	EndGlobalSection
	GlobalSection(ProjectConfigurationPlatforms) = postSolution
		{2A0E78B5-AEAA-45B7-A96C-5EA279C92E5D}.Debug|Any CPU.ActiveCfg = Debug|Any CPU
		{2A0E78B5-AEAA-45B7-A96C-5EA279C92E5D}.Debug|Any CPU.Build.0 = Debug|Any CPU
		{2A0E78B5-AEAA-45B7-A96C-5EA279C92E5D}.Release|Any CPU.ActiveCfg = Release|Any CPU
		{2A0E78B5-AEAA-45B7-A96C-5EA279C92E5D}.Release|Any CPU.Build.0 = Release|Any CPU
		{D8CBF59B-8DBB-4CDC-A05A-8F5BF5D58674}.Debug|Any CPU.ActiveCfg = Debug|Any CPU
		{D8CBF59B-8DBB-4CDC-A05A-8F5BF5D58674}.Debug|Any CPU.Build.0 = Debug|Any CPU
		{D8CBF59B-8DBB-4CDC-A05A-8F5BF5D58674}.Release|Any CPU.ActiveCfg = Release|Any CPU
		{D8CBF59B-8DBB-4CDC-A05A-8F5BF5D58674}.Release|Any CPU.Build.0 = Release|Any CPU
	EndGlobalSection
	GlobalSection(SolutionProperties) = preSolution
		HideSolutionNode = FALSE
	EndGlobalSection
	GlobalSection(ExtensibilityGlobals) = postSolution
		SolutionGuid = {8D4156ED-5B49-4AC4-B113-9ADFDE47632D}
	EndGlobalSection
EndGlobal
